
Microsoft Visual Studio Solution File, Format Version 11.00
# Visual Studio 2010
# SharpDevelop 5.1
Project("{FAE04EC0-301F-11D3-BF4B-00C04F79EFBC}") = "PayrollGUI", "PayrollGUI\PayrollGUI.csproj", "{BF109BC8-DC4D-41D6-A515-8EFCA688EEAC}"
EndProject
Global
	GlobalSection(SolutionConfigurationPlatforms) = preSolution
		Debug|Any CPU = Debug|Any CPU
		Release|Any CPU = Release|Any CPU
	EndGlobalSection
	GlobalSection(ProjectConfigurationPlatforms) = postSolution
		{BF109BC8-DC4D-41D6-A515-8EFCA688EEAC}.Debug|Any CPU.ActiveCfg = Debug|Any CPU
		{BF109BC8-DC4D-41D6-A515-8EFCA688EEAC}.Debug|Any CPU.Build.0 = Debug|Any CPU
		{BF109BC8-DC4D-41D6-A515-8EFCA688EEAC}.Release|Any CPU.ActiveCfg = Release|Any CPU
		{BF109BC8-DC4D-41D6-A515-8EFCA688EEAC}.Release|Any CPU.Build.0 = Release|Any CPU
	EndGlobalSection
EndGlobal
